
Microsoft Visual Studio Solution File, Format Version 12.00
# Visual Studio Version 16
VisualStudioVersion = 16.0.32407.337
MinimumVisualStudioVersion = 10.0.40219.1
Project("{FAE04EC0-301F-11D3-BF4B-00C04F79EFBC}") = "Calculator", "Calculator\Calculator.csproj", "{0FF9C13F-AACF-4026-980F-EC6CA459864E}"
EndProject
Global
	GlobalSection(SolutionConfigurationPlatforms) = preSolution
		Debug|Any CPU = Debug|Any CPU
		Release|Any CPU = Release|Any CPU
	EndGlobalSection
	GlobalSection(ProjectConfigurationPlatforms) = postSolution
		{0FF9C13F-AACF-4026-980F-EC6CA459864E}.Debug|Any CPU.ActiveCfg = Debug|Any CPU
		{0FF9C13F-AACF-4026-980F-EC6CA459864E}.Debug|Any CPU.Build.0 = Debug|Any CPU
		{0FF9C13F-AACF-4026-980F-EC6CA459864E}.Release|Any CPU.ActiveCfg = Release|Any CPU
		{0FF9C13F-AACF-4026-980F-EC6CA459864E}.Release|Any CPU.Build.0 = Release|Any CPU
	EndGlobalSection
	GlobalSection(SolutionProperties) = preSolution
		HideSolutionNode = FALSE
	EndGlobalSection
	GlobalSection(ExtensibilityGlobals) = postSolution
		SolutionGuid = {7CA54023-E213-44C8-A561-C8E28FE826E4}
	EndGlobalSection
EndGlobal
